
Microsoft Visual Studio Solution File, Format Version 12.00
# Visual Studio 15
VisualStudioVersion = 15.0.26228.12
MinimumVisualStudioVersion = 10.0.40219.1
Project("{FAE04EC0-301F-11D3-BF4B-00C04F79EFBC}") = "ChatRESTAPI", "ChatRESTAPI\ChatRESTAPI.csproj", "{7AB9C3EA-971E-438E-9C62-DA58904D00F8}"
EndProject
Project("{FAE04EC0-301F-11D3-BF4B-00C04F79EFBC}") = "ChatRESTAPI.Core", "ChatRESTAPI.Core\ChatRESTAPI.Core.csproj", "{71DA1740-BBC1-4E47-9776-B92DCE4D9931}"
EndProject
Project("{FAE04EC0-301F-11D3-BF4B-00C04F79EFBC}") = "ChatRESTAPI.Model", "ChatRESTAPI.Model\ChatRESTAPI.Model.csproj", "{C8CBF596-36D4-4016-80A4-08EB971814FF}"
EndProject
Project("{FAE04EC0-301F-11D3-BF4B-00C04F79EFBC}") = "ChatRESTAPI.Runtime", "ChatRESTAPI.Runtime\ChatRESTAPI.Runtime.csproj", "{994BFCBC-20EC-4A6D-9FCA-3E9A5645695D}"
EndProject
Project("{FAE04EC0-301F-11D3-BF4B-00C04F79EFBC}") = "ChatRESTAPI.Database", "ChatRESTAPI.Database\ChatRESTAPI.Database.csproj", "{5ECAD14E-D40C-4A30-B709-ED37747B4FBB}"
EndProject
Project("{00D1A9C2-B5F0-4AF3-8072-F6C62B433612}") = "ChatRESTAPI.DatabaseModel", "ChatRESTAPI.DatabaseModel\ChatRESTAPI.DatabaseModel.sqlproj", "{188E184F-A7E1-4E13-88B3-E5168D069E1F}"
EndProject
Global
	GlobalSection(SolutionConfigurationPlatforms) = preSolution
		Debug|Any CPU = Debug|Any CPU
		Release|Any CPU = Release|Any CPU
	EndGlobalSection
	GlobalSection(ProjectConfigurationPlatforms) = postSolution
		{7AB9C3EA-971E-438E-9C62-DA58904D00F8}.Debug|Any CPU.ActiveCfg = Debug|Any CPU
		{7AB9C3EA-971E-438E-9C62-DA58904D00F8}.Debug|Any CPU.Build.0 = Debug|Any CPU
		{7AB9C3EA-971E-438E-9C62-DA58904D00F8}.Release|Any CPU.ActiveCfg = Release|Any CPU
		{7AB9C3EA-971E-438E-9C62-DA58904D00F8}.Release|Any CPU.Build.0 = Release|Any CPU
		{71DA1740-BBC1-4E47-9776-B92DCE4D9931}.Debug|Any CPU.ActiveCfg = Debug|Any CPU
		{71DA1740-BBC1-4E47-9776-B92DCE4D9931}.Debug|Any CPU.Build.0 = Debug|Any CPU
		{71DA1740-BBC1-4E47-9776-B92DCE4D9931}.Release|Any CPU.ActiveCfg = Release|Any CPU
		{71DA1740-BBC1-4E47-9776-B92DCE4D9931}.Release|Any CPU.Build.0 = Release|Any CPU
		{C8CBF596-36D4-4016-80A4-08EB971814FF}.Debug|Any CPU.ActiveCfg = Debug|Any CPU
		{C8CBF596-36D4-4016-80A4-08EB971814FF}.Debug|Any CPU.Build.0 = Debug|Any CPU
		{C8CBF596-36D4-4016-80A4-08EB971814FF}.Release|Any CPU.ActiveCfg = Release|Any CPU
		{C8CBF596-36D4-4016-80A4-08EB971814FF}.Release|Any CPU.Build.0 = Release|Any CPU
		{994BFCBC-20EC-4A6D-9FCA-3E9A5645695D}.Debug|Any CPU.ActiveCfg = Debug|Any CPU
		{994BFCBC-20EC-4A6D-9FCA-3E9A5645695D}.Debug|Any CPU.Build.0 = Debug|Any CPU
		{994BFCBC-20EC-4A6D-9FCA-3E9A5645695D}.Release|Any CPU.ActiveCfg = Release|Any CPU
		{994BFCBC-20EC-4A6D-9FCA-3E9A5645695D}.Release|Any CPU.Build.0 = Release|Any CPU
		{5ECAD14E-D40C-4A30-B709-ED37747B4FBB}.Debug|Any CPU.ActiveCfg = Debug|Any CPU
		{5ECAD14E-D40C-4A30-B709-ED37747B4FBB}.Debug|Any CPU.Build.0 = Debug|Any CPU
		{5ECAD14E-D40C-4A30-B709-ED37747B4FBB}.Release|Any CPU.ActiveCfg = Release|Any CPU
		{5ECAD14E-D40C-4A30-B709-ED37747B4FBB}.Release|Any CPU.Build.0 = Release|Any CPU
		{188E184F-A7E1-4E13-88B3-E5168D069E1F}.Debug|Any CPU.ActiveCfg = Debug|Any CPU
		{188E184F-A7E1-4E13-88B3-E5168D069E1F}.Debug|Any CPU.Build.0 = Debug|Any CPU
		{188E184F-A7E1-4E13-88B3-E5168D069E1F}.Debug|Any CPU.Deploy.0 = Debug|Any CPU
		{188E184F-A7E1-4E13-88B3-E5168D069E1F}.Release|Any CPU.ActiveCfg = Release|Any CPU
		{188E184F-A7E1-4E13-88B3-E5168D069E1F}.Release|Any CPU.Build.0 = Release|Any CPU
		{188E184F-A7E1-4E13-88B3-E5168D069E1F}.Release|Any CPU.Deploy.0 = Release|Any CPU
	EndGlobalSection
	GlobalSection(SolutionProperties) = preSolution
		HideSolutionNode = FALSE
	EndGlobalSection
EndGlobal
